
Microsoft Visual Studio Solution File, Format Version 12.00
# Visual Studio Version 17
VisualStudioVersion = 17.1.32328.378
MinimumVisualStudioVersion = 10.0.40219.1
Project("{FAE04EC0-301F-11D3-BF4B-00C04F79EFBC}") = "Edziennik", "Edziennik\Edziennik.csproj", "{70391AC3-79AF-494E-A7BD-089FD219411B}"
EndProject
Global
	GlobalSection(SolutionConfigurationPlatforms) = preSolution
		Debug|Any CPU = Debug|Any CPU
		Release|Any CPU = Release|Any CPU
	EndGlobalSection
	GlobalSection(ProjectConfigurationPlatforms) = postSolution
		{70391AC3-79AF-494E-A7BD-089FD219411B}.Debug|Any CPU.ActiveCfg = Debug|Any CPU
		{70391AC3-79AF-494E-A7BD-089FD219411B}.Debug|Any CPU.Build.0 = Debug|Any CPU
		{70391AC3-79AF-494E-A7BD-089FD219411B}.Release|Any CPU.ActiveCfg = Release|Any CPU
		{70391AC3-79AF-494E-A7BD-089FD219411B}.Release|Any CPU.Build.0 = Release|Any CPU
	EndGlobalSection
	GlobalSection(SolutionProperties) = preSolution
		HideSolutionNode = FALSE
	EndGlobalSection
	GlobalSection(ExtensibilityGlobals) = postSolution
		SolutionGuid = {68BB7A88-5454-4080-B0C2-0E6BF6558D6B}
	EndGlobalSection
EndGlobal
